{
  "name": "notafacil",
  "version": "1.0.0",
  "lockfileVersion": 3,
  "requires": true,
  "packages": {
    "": {
      "name": "notafacil",
      "version": "1.0.0",
      "dependencies": {
        "notafacil": "file:"
      }
    },
    "node_modules/notafacil": {
      "resolved": "",
      "link": true
    }
  }
}
